### YamlMime:UniversalReference
ms.openlocfilehash: 984a56c5fad6c325c70b652c9c7be59a9c1415ef
ms.sourcegitcommit: 8f2555cd23e454ff79e27bd3ed0a6f65b08c1c9e
ms.translationtype: MT
ms.contentlocale: zh-TW
ms.lasthandoff: 10/10/2018
ms.locfileid: "48560406"
items:
- uid: '@azure/event-processor-host.getNewAsyncLock'
  name: getNewAsyncLock
  children: []
  type: function
  langs:
  - typeScript
  summary: <span data-ttu-id="9ca83-101">取得所需的設定與非同步鎖定的新執行個體。</span><span class="sxs-lookup"><span data-stu-id="9ca83-101">Gets a new instance of the async lock with desired settings.</span></span>
  syntax:
    content: 'function getNewAsyncLock(options?: AsyncLockOptions)'
    parameters:
    - id: options
      type:
      - '@azure/event-processor-host.AsyncLockOptions'
      description: ''
      optional: true
    return:
      type:
      - AsyncLock
  package: '@azure/event-processor-host'
references:
- uid: '@azure/event-processor-host.AsyncLockOptions'
  name: AsyncLockOptions
  spec.typeScript:
  - name: AsyncLockOptions
    fullName: AsyncLockOptions
    uid: '@azure/event-processor-host.AsyncLockOptions'
