### YamlMime:UniversalReference
ms.openlocfilehash: c99ad9a4f16e5bc49aa78bd0c1e03e6d0058e5be
ms.sourcegitcommit: 286f52ea38c9eff2ec9d4f8cabeb86f62fd9c406
ms.translationtype: MT
ms.contentlocale: zh-TW
ms.lasthandoff: 08/22/2018
ms.locfileid: "41689167"
items:
- uid: azure-event-hubs.getNewAsyncLock
  name: getNewAsyncLock
  children: []
  type: function
  langs:
  - typeScript
  summary: <span data-ttu-id="e79c4-101">取得所需的設定與非同步鎖定的新執行個體。</span><span class="sxs-lookup"><span data-stu-id="e79c4-101">Gets a new instance of the async lock with desired settings.</span></span>
  syntax:
    content: 'function getNewAsyncLock(options?: AsyncLockOptions)'
    parameters:
    - id: options
      type:
      - azure-event-hubs.AsyncLockOptions
      description: ''
      optional: true
    return:
      type:
      - AsyncLock
  package: azure-event-hubs
references:
- uid: azure-event-hubs.AsyncLockOptions
  spec.typeScript:
  - name: AsyncLockOptions
    fullName: AsyncLockOptions
    uid: azure-event-hubs.AsyncLockOptions
