### YamlMime:UniversalReference
ms.openlocfilehash: 547703755dfffc28855c44644c0dd5d1cbc768bc
ms.sourcegitcommit: 87f95d58ec8de16e115bc344efeb084afc346b74
ms.translationtype: MT
ms.contentlocale: zh-TW
ms.lasthandoff: 08/12/2018
ms.locfileid: "40062806"
items:
- uid: azure-event-processor-host.getNewAsyncLock
  name: getNewAsyncLock
  children: []
  type: function
  langs:
  - typeScript
  summary: 取得所需的設定與非同步鎖定的新執行個體。
  syntax:
    content: 'function getNewAsyncLock(options?: AsyncLockOptions)'
    parameters:
    - id: options
      type:
      - azure-event-processor-host.AsyncLockOptions
      description: ''
      optional: true
    return:
      type:
      - AsyncLock
  package: azure-event-processor-host
references:
- uid: azure-event-processor-host.AsyncLockOptions
  spec.typeScript:
  - name: AsyncLockOptions
    fullName: AsyncLockOptions
    uid: azure-event-processor-host.AsyncLockOptions
